
Microsoft Visual Studio Solution File, Format Version 12.00
# Visual Studio Version 16
VisualStudioVersion = 16.0.29519.87
MinimumVisualStudioVersion = 10.0.40219.1
Project("{FAE04EC0-301F-11D3-BF4B-00C04F79EFBC}") = "LatvanyossagokApplication", "LatvanyossagokApplication\LatvanyossagokApplication.csproj", "{F7585307-E725-4119-99AB-D68E612F3B7C}"
EndProject
Global
	GlobalSection(SolutionConfigurationPlatforms) = preSolution
		Debug|Any CPU = Debug|Any CPU
		Release|Any CPU = Release|Any CPU
	EndGlobalSection
	GlobalSection(ProjectConfigurationPlatforms) = postSolution
		{F7585307-E725-4119-99AB-D68E612F3B7C}.Debug|Any CPU.ActiveCfg = Debug|Any CPU
		{F7585307-E725-4119-99AB-D68E612F3B7C}.Debug|Any CPU.Build.0 = Debug|Any CPU
		{F7585307-E725-4119-99AB-D68E612F3B7C}.Release|Any CPU.ActiveCfg = Release|Any CPU
		{F7585307-E725-4119-99AB-D68E612F3B7C}.Release|Any CPU.Build.0 = Release|Any CPU
	EndGlobalSection
	GlobalSection(SolutionProperties) = preSolution
		HideSolutionNode = FALSE
	EndGlobalSection
	GlobalSection(ExtensibilityGlobals) = postSolution
		SolutionGuid = {D077AD6D-CFCD-41EF-8991-13E9B89E93AE}
	EndGlobalSection
EndGlobal
